[[package]]
name = "aiofiles"
version = "0.7.0"
description = "File support for asyncio."
category = "main"
optional = false
python-versions = ">=3.6,<4.0"

[[package]]
name = "appdirs"
version = "1.4.4"
description = "A small Python module for determining appropriate platform-specific dirs, e.g. a \"user data dir\"."
category = "dev"
optional = false
python-versions = "*"

[[package]]
name = "apscheduler"
version = "3.7.0"
description = "In-process task scheduler with Cron-like capabilities"
category = "main"
optional = false
python-versions = ">=2.7, !=3.0.*, !=3.1.*, !=3.2.*, !=3.3.*, !=3.4.*, <4"

[package.dependencies]
pytz = "*"
six = ">=1.4.0"
tzlocal = ">=2.0,<3.0"

[package.extras]
asyncio = ["trollius"]
doc = ["sphinx", "sphinx-rtd-theme"]
gevent = ["gevent"]
mongodb = ["pymongo (>=3.0)"]
redis = ["redis (>=3.0)"]
rethinkdb = ["rethinkdb (>=2.4.0)"]
sqlalchemy = ["sqlalchemy (>=0.8)"]
testing = ["pytest (<6)", "pytest-cov", "pytest-tornado5", "mock", "pytest-asyncio (<0.6)", "pytest-asyncio"]
tornado = ["tornado (>=4.3)"]
twisted = ["twisted"]
zookeeper = ["kazoo"]

[[package]]
name = "arrow"
version = "1.1.1"
description = "Better dates & times for Python"
category = "main"
optional = false
python-versions = ">=3.6"

[package.dependencies]
python-dateutil = ">=2.7.0"

[[package]]
name = "atomicwrites"
version = "1.4.0"
description = "Atomic file writes."
category = "dev"
optional = false
python-versions = ">=2.7, !=3.0.*, !=3.1.*, !=3.2.*, !=3.3.*"

[[package]]
name = "attrs"
version = "21.2.0"
description = "Classes Without Boilerplate"
category = "dev"
optional = false
python-versions = ">=2.7, !=3.0.*, !=3.1.*, !=3.2.*, !=3.3.*, !=3.4.*"

[package.extras]
dev = ["coverage[toml] (>=5.0.2)", "hypothesis", "pympler", "pytest (>=4.3.0)", "six", "mypy", "pytest-mypy-plugins", "zope.interface", "furo", "sphinx", "sphinx-notfound-page", "pre-commit"]
docs = ["furo", "sphinx", "zope.interface", "sphinx-notfound-page"]
tests = ["coverage[toml] (>=5.0.2)", "hypothesis", "pympler", "pytest (>=4.3.0)", "six", "mypy", "pytest-mypy-plugins", "zope.interface"]
tests_no_zope = ["coverage[toml] (>=5.0.2)", "hypothesis", "pympler", "pytest (>=4.3.0)", "six", "mypy", "pytest-mypy-plugins"]

[[package]]
name = "black"
version = "21.7b0"
description = "The uncompromising code formatter."
category = "dev"
optional = false
python-versions = ">=3.6.2"

[package.dependencies]
appdirs = "*"
click = ">=7.1.2"
mypy-extensions = ">=0.4.3"
pathspec = ">=0.8.1,<1"
regex = ">=2020.1.8"
tomli = ">=0.2.6,<2.0.0"

[package.extras]
colorama = ["colorama (>=0.4.3)"]
d = ["aiohttp (>=3.6.0)", "aiohttp-cors (>=0.4.0)"]
python2 = ["typed-ast (>=1.4.2)"]
uvloop = ["uvloop (>=0.15.2)"]

[[package]]
name = "certifi"
version = "2021.5.30"
description = "Python package for providing Mozilla's CA Bundle."
category = "main"
optional = false
python-versions = "*"

[[package]]
name = "click"
version = "8.0.1"
description = "Composable command line interface toolkit"
category = "dev"
optional = false
python-versions = ">=3.6"

[package.dependencies]
colorama = {version = "*", markers = "platform_system == \"Windows\""}

[[package]]
name = "colorama"
version = "0.4.4"
description = "Cross-platform colored terminal text."
category = "main"
optional = false
python-versions = ">=2.7, !=3.0.*, !=3.1.*, !=3.2.*, !=3.3.*, !=3.4.*"

[[package]]
name = "devtools"
version = "0.6.1"
description = "Python's missing debug print command and other development tools."
category = "main"
optional = false
python-versions = ">=3.6"

[package.extras]
pygments = ["Pygments (>=2.2.0)"]

[[package]]
name = "h11"
version = "0.9.0"
description = "A pure-Python, bring-your-own-I/O implementation of HTTP/1.1"
category = "main"
optional = false
python-versions = "*"

[[package]]
name = "httpcore"
version = "0.11.1"
description = "A minimal low-level HTTP client."
category = "main"
optional = false
python-versions = ">=3.6"

[package.dependencies]
h11 = ">=0.8,<0.10"
sniffio = ">=1.0.0,<2.0.0"

[package.extras]
http2 = ["h2 (>=3.0.0,<4.0.0)"]

[[package]]
name = "httptools"
version = "0.2.0"
description = "A collection of framework independent HTTP protocol utils."
category = "main"
optional = false
python-versions = "*"

[package.extras]
test = ["Cython (==0.29.22)"]

[[package]]
name = "httpx"
version = "0.15.4"
description = "The next generation HTTP client."
category = "main"
optional = false
python-versions = ">=3.6"

[package.dependencies]
certifi = "*"
httpcore = ">=0.11.0,<0.12.0"
rfc3986 = {version = ">=1.3,<2", extras = ["idna2008"]}
sniffio = "*"

[package.extras]
brotli = ["brotlipy (>=0.7.0,<0.8.0)"]
http2 = ["h2 (>=3.0.0,<4.0.0)"]

[[package]]
name = "idna"
version = "3.2"
description = "Internationalized Domain Names in Applications (IDNA)"
category = "main"
optional = false
python-versions = ">=3.5"

[[package]]
name = "inflection"
version = "0.5.1"
description = "A port of Ruby on Rails inflector to Python"
category = "main"
optional = false
python-versions = ">=3.5"

[[package]]
name = "loguru"
version = "0.5.3"
description = "Python logging made (stupidly) simple"
category = "main"
optional = false
python-versions = ">=3.5"

[package.dependencies]
colorama = {version = ">=0.3.4", markers = "sys_platform == \"win32\""}
win32-setctime = {version = ">=1.0.0", markers = "sys_platform == \"win32\""}

[package.extras]
dev = ["codecov (>=2.0.15)", "colorama (>=0.3.4)", "flake8 (>=3.7.7)", "tox (>=3.9.0)", "tox-travis (>=0.12)", "pytest (>=4.6.2)", "pytest-cov (>=2.7.1)", "Sphinx (>=2.2.1)", "sphinx-autobuild (>=0.7.1)", "sphinx-rtd-theme (>=0.4.3)", "black (>=19.10b0)", "isort (>=5.1.1)"]

[[package]]
name = "more-itertools"
version = "8.8.0"
description = "More routines for operating on iterables, beyond itertools"
category = "dev"
optional = false
python-versions = ">=3.5"

[[package]]
name = "multidict"
version = "5.1.0"
description = "multidict implementation"
category = "main"
optional = false
python-versions = ">=3.6"

[[package]]
name = "mypy-extensions"
version = "0.4.3"
description = "Experimental type system extensions for programs checked with the mypy typechecker."
category = "dev"
optional = false
python-versions = "*"

[[package]]
name = "packaging"
version = "21.0"
description = "Core utilities for Python packages"
category = "dev"
optional = false
python-versions = ">=3.6"

[package.dependencies]
pyparsing = ">=2.0.2"

[[package]]
name = "pathspec"
version = "0.9.0"
description = "Utility library for gitignore style pattern matching of file paths."
category = "dev"
optional = false
python-versions = "!=3.0.*,!=3.1.*,!=3.2.*,!=3.3.*,!=3.4.*,>=2.7"

[[package]]
name = "pluggy"
version = "0.13.1"
description = "plugin and hook calling mechanisms for python"
category = "dev"
optional = false
python-versions = ">=2.7, !=3.0.*, !=3.1.*, !=3.2.*, !=3.3.*"

[package.extras]
dev = ["pre-commit", "tox"]

[[package]]
name = "pretty-errors"
version = "1.2.23"
description = "Prettifies Python exception output to make it legible."
category = "main"
optional = false
python-versions = "*"

[package.dependencies]
colorama = "*"

[[package]]
name = "py"
version = "1.10.0"
description = "library with cross-python path, ini-parsing, io, code, log facilities"
category = "dev"
optional = false
python-versions = ">=2.7, !=3.0.*, !=3.1.*, !=3.2.*, !=3.3.*"

[[package]]
name = "pydantic"
version = "1.8.2"
description = "Data validation and settings management using python 3.6 type hinting"
category = "main"
optional = false
python-versions = ">=3.6.1"

[package.dependencies]
typing-extensions = ">=3.7.4.3"

[package.extras]
dotenv = ["python-dotenv (>=0.10.4)"]
email = ["email-validator (>=1.0.3)"]

[[package]]
name = "pyparsing"
version = "2.4.7"
description = "Python parsing module"
category = "dev"
optional = false
python-versions = ">=2.6, !=3.0.*, !=3.1.*, !=3.2.*"

[[package]]
name = "pytest"
version = "5.4.3"
description = "pytest: simple powerful testing with Python"
category = "dev"
optional = false
python-versions = ">=3.5"

[package.dependencies]
atomicwrites = {version = ">=1.0", markers = "sys_platform == \"win32\""}
attrs = ">=17.4.0"
colorama = {version = "*", markers = "sys_platform == \"win32\""}
more-itertools = ">=4.0.0"
packaging = "*"
pluggy = ">=0.12,<1.0"
py = ">=1.5.0"
wcwidth = "*"

[package.extras]
checkqa-mypy = ["mypy (==v0.761)"]
testing = ["argcomplete", "hypothesis (>=3.56)", "mock", "nose", "requests", "xmlschema"]

[[package]]
name = "python-dateutil"
version = "2.8.2"
description = "Extensions to the standard Python datetime module"
category = "main"
optional = false
python-versions = "!=3.0.*,!=3.1.*,!=3.2.*,>=2.7"

[package.dependencies]
six = ">=1.5"

[[package]]
name = "pytz"
version = "2021.1"
description = "World timezone definitions, modern and historical"
category = "main"
optional = false
python-versions = "*"

[[package]]
name = "regex"
version = "2021.7.6"
description = "Alternative regular expression module, to replace re."
category = "dev"
optional = false
python-versions = "*"

[[package]]
name = "rfc3986"
version = "1.5.0"
description = "Validating URI References per RFC 3986"
category = "main"
optional = false
python-versions = "*"

[package.dependencies]
idna = {version = "*", optional = true, markers = "extra == \"idna2008\""}

[package.extras]
idna2008 = ["idna"]

[[package]]
name = "sanic"
version = "20.12.3"
description = "A web server and web framework that's written to go fast. Build fast. Run fast."
category = "main"
optional = false
python-versions = ">=3.6"

[package.dependencies]
aiofiles = ">=0.6.0"
httptools = ">=0.0.10"
httpx = "0.15.4"
multidict = ">=5.0,<6.0"
ujson = {version = ">=1.35", markers = "sys_platform != \"win32\" and implementation_name == \"cpython\""}
uvloop = {version = ">=0.5.3,<0.15.0", markers = "sys_platform != \"win32\" and implementation_name == \"cpython\""}
websockets = ">=8.1,<9.0"

[package.extras]
all = ["pytest (==5.2.1)", "multidict (>=5.0,<6.0)", "gunicorn (==20.0.4)", "pytest-cov", "httpcore (>=0.11.0,<0.12.0)", "beautifulsoup4", "pytest-sanic", "pytest-sugar", "pytest-benchmark", "pytest-dependency", "aiofiles", "tox", "black", "flake8", "bandit", "towncrier", "sphinx (>=2.1.2)", "sphinx-rtd-theme", "recommonmark (>=0.5.0)", "docutils", "pygments", "uvloop (>=0.5.3,<0.15.0)", "ujson (>=1.35)"]
dev = ["pytest (==5.2.1)", "multidict (>=5.0,<6.0)", "gunicorn (==20.0.4)", "pytest-cov", "httpcore (>=0.11.0,<0.12.0)", "beautifulsoup4", "pytest-sanic", "pytest-sugar", "pytest-benchmark", "pytest-dependency", "aiofiles", "tox", "black", "flake8", "bandit", "towncrier", "uvloop (>=0.5.3,<0.15.0)", "ujson (>=1.35)"]
docs = ["sphinx (>=2.1.2)", "sphinx-rtd-theme", "recommonmark (>=0.5.0)", "docutils", "pygments"]
test = ["pytest (==5.2.1)", "multidict (>=5.0,<6.0)", "gunicorn (==20.0.4)", "pytest-cov", "httpcore (>=0.11.0,<0.12.0)", "beautifulsoup4", "pytest-sanic", "pytest-sugar", "pytest-benchmark", "pytest-dependency", "uvloop (>=0.5.3,<0.15.0)", "ujson (>=1.35)"]

[[package]]
name = "six"
version = "1.16.0"
description = "Python 2 and 3 compatibility utilities"
category = "main"
optional = false
python-versions = ">=2.7, !=3.0.*, !=3.1.*, !=3.2.*"

[[package]]
name = "sniffio"
version = "1.2.0"
description = "Sniff out which async library your code is running under"
category = "main"
optional = false
python-versions = ">=3.5"

[[package]]
name = "tomli"
version = "1.2.0"
description = "A lil' TOML parser"
category = "dev"
optional = false
python-versions = ">=3.6"

[[package]]
name = "typing-extensions"
version = "3.10.0.0"
description = "Backported and Experimental Type Hints for Python 3.5+"
category = "main"
optional = false
python-versions = "*"

[[package]]
name = "tzlocal"
version = "2.1"
description = "tzinfo object for the local timezone"
category = "main"
optional = false
python-versions = "*"

[package.dependencies]
pytz = "*"

[[package]]
name = "ujson"
version = "4.0.2"
description = "Ultra fast JSON encoder and decoder for Python"
category = "main"
optional = false
python-versions = ">=3.6"

[[package]]
name = "uvloop"
version = "0.14.0"
description = "Fast implementation of asyncio event loop on top of libuv"
category = "main"
optional = false
python-versions = "*"

[[package]]
name = "wcwidth"
version = "0.2.5"
description = "Measures the displayed width of unicode strings in a terminal"
category = "dev"
optional = false
python-versions = "*"

[[package]]
name = "websockets"
version = "8.1"
description = "An implementation of the WebSocket Protocol (RFC 6455 & 7692)"
category = "main"
optional = false
python-versions = ">=3.6.1"

[[package]]
name = "win32-setctime"
version = "1.0.3"
description = "A small Python utility to set file creation time on Windows"
category = "main"
optional = false
python-versions = ">=3.5"

[package.extras]
dev = ["pytest (>=4.6.2)", "black (>=19.3b0)"]

[metadata]
lock-version = "1.1"
python-versions = "^3.8"
content-hash = "04862dfa9e6f7e419b5ae32742b40bfb5aa453d69499db409cc4a9b9f7c3327b"

[metadata.files]
aiofiles = [
    {file = "aiofiles-0.7.0-py3-none-any.whl", hash = "sha256:c67a6823b5f23fcab0a2595a289cec7d8c863ffcb4322fb8cd6b90400aedfdbc"},
    {file = "aiofiles-0.7.0.tar.gz", hash = "sha256:a1c4fc9b2ff81568c83e21392a82f344ea9d23da906e4f6a52662764545e19d4"},
]
appdirs = [
    {file = "appdirs-1.4.4-py2.py3-none-any.whl", hash = "sha256:a841dacd6b99318a741b166adb07e19ee71a274450e68237b4650ca1055ab128"},
    {file = "appdirs-1.4.4.tar.gz", hash = "sha256:7d5d0167b2b1ba821647616af46a749d1c653740dd0d2415100fe26e27afdf41"},
]
apscheduler = [
    {file = "APScheduler-3.7.0-py2.py3-none-any.whl", hash = "sha256:c06cc796d5bb9eb3c4f77727f6223476eb67749e7eea074d1587550702a7fbe3"},
    {file = "APScheduler-3.7.0.tar.gz", hash = "sha256:1cab7f2521e107d07127b042155b632b7a1cd5e02c34be5a28ff62f77c900c6a"},
]
arrow = [
    {file = "arrow-1.1.1-py3-none-any.whl", hash = "sha256:77a60a4db5766d900a2085ce9074c5c7b8e2c99afeaa98ad627637ff6f292510"},
    {file = "arrow-1.1.1.tar.gz", hash = "sha256:dee7602f6c60e3ec510095b5e301441bc56288cb8f51def14dcb3079f623823a"},
]
atomicwrites = [
    {file = "atomicwrites-1.4.0-py2.py3-none-any.whl", hash = "sha256:6d1784dea7c0c8d4a5172b6c620f40b6e4cbfdf96d783691f2e1302a7b88e197"},
    {file = "atomicwrites-1.4.0.tar.gz", hash = "sha256:ae70396ad1a434f9c7046fd2dd196fc04b12f9e91ffb859164193be8b6168a7a"},
]
attrs = [
    {file = "attrs-21.2.0-py2.py3-none-any.whl", hash = "sha256:149e90d6d8ac20db7a955ad60cf0e6881a3f20d37096140088356da6c716b0b1"},
    {file = "attrs-21.2.0.tar.gz", hash = "sha256:ef6aaac3ca6cd92904cdd0d83f629a15f18053ec84e6432106f7a4d04ae4f5fb"},
]
black = [
    {file = "black-21.7b0-py3-none-any.whl", hash = "sha256:1c7aa6ada8ee864db745b22790a32f94b2795c253a75d6d9b5e439ff10d23116"},
    {file = "black-21.7b0.tar.gz", hash = "sha256:c8373c6491de9362e39271630b65b964607bc5c79c83783547d76c839b3aa219"},
]
certifi = [
    {file = "certifi-2021.5.30-py2.py3-none-any.whl", hash = "sha256:50b1e4f8446b06f41be7dd6338db18e0990601dce795c2b1686458aa7e8fa7d8"},
    {file = "certifi-2021.5.30.tar.gz", hash = "sha256:2bbf76fd432960138b3ef6dda3dde0544f27cbf8546c458e60baf371917ba9ee"},
]
click = [
    {file = "click-8.0.1-py3-none-any.whl", hash = "sha256:fba402a4a47334742d782209a7c79bc448911afe1149d07bdabdf480b3e2f4b6"},
    {file = "click-8.0.1.tar.gz", hash = "sha256:8c04c11192119b1ef78ea049e0a6f0463e4c48ef00a30160c704337586f3ad7a"},
]
colorama = [
    {file = "colorama-0.4.4-py2.py3-none-any.whl", hash = "sha256:9f47eda37229f68eee03b24b9748937c7dc3868f906e8ba69fbcbdd3bc5dc3e2"},
    {file = "colorama-0.4.4.tar.gz", hash = "sha256:5941b2b48a20143d2267e95b1c2a7603ce057ee39fd88e7329b0c292aa16869b"},
]
devtools = [
    {file = "devtools-0.6.1-py3-none-any.whl", hash = "sha256:7334183972a8d04e81d08b7f62126abca9b6f4de51d825c5fdcb9c88f252601a"},
    {file = "devtools-0.6.1.tar.gz", hash = "sha256:a054307594d35d28fae8df7629967363e851ae0ac7b2152640a8a401c39d42d7"},
]
h11 = [
    {file = "h11-0.9.0-py2.py3-none-any.whl", hash = "sha256:4bc6d6a1238b7615b266ada57e0618568066f57dd6fa967d1290ec9309b2f2f1"},
    {file = "h11-0.9.0.tar.gz", hash = "sha256:33d4bca7be0fa039f4e84d50ab00531047e53d6ee8ffbc83501ea602c169cae1"},
]
httpcore = [
    {file = "httpcore-0.11.1-py3-none-any.whl", hash = "sha256:72cfaa461dbdc262943ff4c9abf5b195391a03cdcc152e636adb4239b15e77e1"},
    {file = "httpcore-0.11.1.tar.gz", hash = "sha256:a35dddd1f4cc34ff37788337ef507c0ad0276241ece6daf663ac9e77c0b87232"},
]
httptools = [
    {file = "httptools-0.2.0-cp35-cp35m-macosx_10_14_x86_64.whl", hash = "sha256:79dbc21f3612a78b28384e989b21872e2e3cf3968532601544696e4ed0007ce5"},
    {file = "httptools-0.2.0-cp35-cp35m-manylinux1_x86_64.whl", hash = "sha256:78d03dd39b09c99ec917d50189e6743adbfd18c15d5944392d2eabda688bf149"},
    {file = "httptools-0.2.0-cp36-cp36m-macosx_10_14_x86_64.whl", hash = "sha256:a23166e5ae2775709cf4f7ad4c2048755ebfb272767d244e1a96d55ac775cca7"},
    {file = "httptools-0.2.0-cp36-cp36m-manylinux1_x86_64.whl", hash = "sha256:3ab1f390d8867f74b3b5ee2a7ecc9b8d7f53750bd45714bf1cb72a953d7dfa77"},
    {file = "httptools-0.2.0-cp36-cp36m-win_amd64.whl", hash = "sha256:a7594f9a010cdf1e16a58b3bf26c9da39bbf663e3b8d46d39176999d71816658"},
    {file = "httptools-0.2.0-cp37-cp37m-macosx_10_14_x86_64.whl", hash = "sha256:01b392a166adcc8bc2f526a939a8aabf89fe079243e1543fd0e7dc1b58d737cb"},
    {file = "httptools-0.2.0-cp37-cp37m-manylinux1_x86_64.whl", hash = "sha256:80ffa04fe8c8dfacf6e4cef8277347d35b0442c581f5814f3b0cf41b65c43c6e"},
    {file = "httptools-0.2.0-cp37-cp37m-win_amd64.whl", hash = "sha256:d5682eeb10cca0606c4a8286a3391d4c3c5a36f0c448e71b8bd05be4e1694bfb"},
    {file = "httptools-0.2.0-cp38-cp38-macosx_10_14_x86_64.whl", hash = "sha256:a289c27ccae399a70eacf32df9a44059ca2ba4ac444604b00a19a6c1f0809943"},
    {file = "httptools-0.2.0-cp38-cp38-manylinux1_x86_64.whl", hash = "sha256:813871f961edea6cb2fe312f2d9b27d12a51ba92545380126f80d0de1917ea15"},
    {file = "httptools-0.2.0-cp38-cp38-win_amd64.whl", hash = "sha256:cc9be041e428c10f8b6ab358c6b393648f9457094e1dcc11b4906026d43cd380"},
    {file = "httptools-0.2.0-cp39-cp39-macosx_10_14_x86_64.whl", hash = "sha256:b08d00d889a118f68f37f3c43e359aab24ee29eb2e3fe96d64c6a2ba8b9d6557"},
    {file = "httptools-0.2.0-cp39-cp39-manylinux1_x86_64.whl", hash = "sha256:fd3b8905e21431ad306eeaf56644a68fdd621bf8f3097eff54d0f6bdf7262065"},
    {file = "httptools-0.2.0-cp39-cp39-win_amd64.whl", hash = "sha256:200fc1cdf733a9ff554c0bb97a4047785cfaad9875307d6087001db3eb2b417f"},
    {file = "httptools-0.2.0.tar.gz", hash = "sha256:94505026be56652d7a530ab03d89474dc6021019d6b8682281977163b3471ea0"},
]
httpx = [
    {file = "httpx-0.15.4-py3-none-any.whl", hash = "sha256:7b3c07bfdcdadd92020dd4c07b15932abdcf1c898422a4e98de3d19b2223310b"},
    {file = "httpx-0.15.4.tar.gz", hash = "sha256:4c81dbf98a29cb4f51f415140df56542f9d4860798d713e336642e953cddd1db"},
]
idna = [
    {file = "idna-3.2-py3-none-any.whl", hash = "sha256:14475042e284991034cb48e06f6851428fb14c4dc953acd9be9a5e95c7b6dd7a"},
    {file = "idna-3.2.tar.gz", hash = "sha256:467fbad99067910785144ce333826c71fb0e63a425657295239737f7ecd125f3"},
]
inflection = [
    {file = "inflection-0.5.1-py2.py3-none-any.whl", hash = "sha256:f38b2b640938a4f35ade69ac3d053042959b62a0f1076a5bbaa1b9526605a8a2"},
    {file = "inflection-0.5.1.tar.gz", hash = "sha256:1a29730d366e996aaacffb2f1f1cb9593dc38e2ddd30c91250c6dde09ea9b417"},
]
loguru = [
    {file = "loguru-0.5.3-py3-none-any.whl", hash = "sha256:f8087ac396b5ee5f67c963b495d615ebbceac2796379599820e324419d53667c"},
    {file = "loguru-0.5.3.tar.gz", hash = "sha256:b28e72ac7a98be3d28ad28570299a393dfcd32e5e3f6a353dec94675767b6319"},
]
more-itertools = [
    {file = "more-itertools-8.8.0.tar.gz", hash = "sha256:83f0308e05477c68f56ea3a888172c78ed5d5b3c282addb67508e7ba6c8f813a"},
    {file = "more_itertools-8.8.0-py3-none-any.whl", hash = "sha256:2cf89ec599962f2ddc4d568a05defc40e0a587fbc10d5989713638864c36be4d"},
]
multidict = [
    {file = "multidict-5.1.0-cp36-cp36m-macosx_10_14_x86_64.whl", hash = "sha256:b7993704f1a4b204e71debe6095150d43b2ee6150fa4f44d6d966ec356a8d61f"},
    {file = "multidict-5.1.0-cp36-cp36m-manylinux1_i686.whl", hash = "sha256:9dd6e9b1a913d096ac95d0399bd737e00f2af1e1594a787e00f7975778c8b2bf"},
    {file = "multidict-5.1.0-cp36-cp36m-manylinux2014_aarch64.whl", hash = "sha256:f21756997ad8ef815d8ef3d34edd98804ab5ea337feedcd62fb52d22bf531281"},
    {file = "multidict-5.1.0-cp36-cp36m-manylinux2014_i686.whl", hash = "sha256:1ab820665e67373de5802acae069a6a05567ae234ddb129f31d290fc3d1aa56d"},
    {file = "multidict-5.1.0-cp36-cp36m-manylinux2014_ppc64le.whl", hash = "sha256:9436dc58c123f07b230383083855593550c4d301d2532045a17ccf6eca505f6d"},
    {file = "multidict-5.1.0-cp36-cp36m-manylinux2014_s390x.whl", hash = "sha256:830f57206cc96ed0ccf68304141fec9481a096c4d2e2831f311bde1c404401da"},
    {file = "multidict-5.1.0-cp36-cp36m-manylinux2014_x86_64.whl", hash = "sha256:2e68965192c4ea61fff1b81c14ff712fc7dc15d2bd120602e4a3494ea6584224"},
    {file = "multidict-5.1.0-cp36-cp36m-win32.whl", hash = "sha256:2f1a132f1c88724674271d636e6b7351477c27722f2ed789f719f9e3545a3d26"},
    {file = "multidict-5.1.0-cp36-cp36m-win_amd64.whl", hash = "sha256:3a4f32116f8f72ecf2a29dabfb27b23ab7cdc0ba807e8459e59a93a9be9506f6"},
    {file = "multidict-5.1.0-cp37-cp37m-macosx_10_14_x86_64.whl", hash = "sha256:46c73e09ad374a6d876c599f2328161bcd95e280f84d2060cf57991dec5cfe76"},
    {file = "multidict-5.1.0-cp37-cp37m-manylinux1_i686.whl", hash = "sha256:018132dbd8688c7a69ad89c4a3f39ea2f9f33302ebe567a879da8f4ca73f0d0a"},
    {file = "multidict-5.1.0-cp37-cp37m-manylinux2014_aarch64.whl", hash = "sha256:4b186eb7d6ae7c06eb4392411189469e6a820da81447f46c0072a41c748ab73f"},
    {file = "multidict-5.1.0-cp37-cp37m-manylinux2014_i686.whl", hash = "sha256:3a041b76d13706b7fff23b9fc83117c7b8fe8d5fe9e6be45eee72b9baa75f348"},
    {file = "multidict-5.1.0-cp37-cp37m-manylinux2014_ppc64le.whl", hash = "sha256:051012ccee979b2b06be928a6150d237aec75dd6bf2d1eeeb190baf2b05abc93"},
    {file = "multidict-5.1.0-cp37-cp37m-manylinux2014_s390x.whl", hash = "sha256:6a4d5ce640e37b0efcc8441caeea8f43a06addace2335bd11151bc02d2ee31f9"},
    {file = "multidict-5.1.0-cp37-cp37m-manylinux2014_x86_64.whl", hash = "sha256:5cf3443199b83ed9e955f511b5b241fd3ae004e3cb81c58ec10f4fe47c7dce37"},
    {file = "multidict-5.1.0-cp37-cp37m-win32.whl", hash = "sha256:f200755768dc19c6f4e2b672421e0ebb3dd54c38d5a4f262b872d8cfcc9e93b5"},
    {file = "multidict-5.1.0-cp37-cp37m-win_amd64.whl", hash = "sha256:05c20b68e512166fddba59a918773ba002fdd77800cad9f55b59790030bab632"},
    {file = "multidict-5.1.0-cp38-cp38-macosx_10_14_x86_64.whl", hash = "sha256:54fd1e83a184e19c598d5e70ba508196fd0bbdd676ce159feb412a4a6664f952"},
    {file = "multidict-5.1.0-cp38-cp38-manylinux1_i686.whl", hash = "sha256:0e3c84e6c67eba89c2dbcee08504ba8644ab4284863452450520dad8f1e89b79"},
    {file = "multidict-5.1.0-cp38-cp38-manylinux2014_aarch64.whl", hash = "sha256:dc862056f76443a0db4509116c5cd480fe1b6a2d45512a653f9a855cc0517456"},
    {file = "multidict-5.1.0-cp38-cp38-manylinux2014_i686.whl", hash = "sha256:0e929169f9c090dae0646a011c8b058e5e5fb391466016b39d21745b48817fd7"},
    {file = "multidict-5.1.0-cp38-cp38-manylinux2014_ppc64le.whl", hash = "sha256:d81eddcb12d608cc08081fa88d046c78afb1bf8107e6feab5d43503fea74a635"},
    {file = "multidict-5.1.0-cp38-cp38-manylinux2014_s390x.whl", hash = "sha256:585fd452dd7782130d112f7ddf3473ffdd521414674c33876187e101b588738a"},
    {file = "multidict-5.1.0-cp38-cp38-manylinux2014_x86_64.whl", hash = "sha256:37e5438e1c78931df5d3c0c78ae049092877e5e9c02dd1ff5abb9cf27a5914ea"},
    {file = "multidict-5.1.0-cp38-cp38-win32.whl", hash = "sha256:07b42215124aedecc6083f1ce6b7e5ec5b50047afa701f3442054373a6deb656"},
    {file = "multidict-5.1.0-cp38-cp38-win_amd64.whl", hash = "sha256:929006d3c2d923788ba153ad0de8ed2e5ed39fdbe8e7be21e2f22ed06c6783d3"},
    {file = "multidict-5.1.0-cp39-cp39-macosx_10_14_x86_64.whl", hash = "sha256:b797515be8743b771aa868f83563f789bbd4b236659ba52243b735d80b29ed93"},
    {file = "multidict-5.1.0-cp39-cp39-manylinux1_i686.whl", hash = "sha256:d5c65bdf4484872c4af3150aeebe101ba560dcfb34488d9a8ff8dbcd21079647"},
    {file = "multidict-5.1.0-cp39-cp39-manylinux2014_aarch64.whl", hash = "sha256:b47a43177a5e65b771b80db71e7be76c0ba23cc8aa73eeeb089ed5219cdbe27d"},
    {file = "multidict-5.1.0-cp39-cp39-manylinux2014_i686.whl", hash = "sha256:806068d4f86cb06af37cd65821554f98240a19ce646d3cd24e1c33587f313eb8"},
    {file = "multidict-5.1.0-cp39-cp39-manylinux2014_ppc64le.whl", hash = "sha256:46dd362c2f045095c920162e9307de5ffd0a1bfbba0a6e990b344366f55a30c1"},
    {file = "multidict-5.1.0-cp39-cp39-manylinux2014_s390x.whl", hash = "sha256:ace010325c787c378afd7f7c1ac66b26313b3344628652eacd149bdd23c68841"},
    {file = "multidict-5.1.0-cp39-cp39-manylinux2014_x86_64.whl", hash = "sha256:ecc771ab628ea281517e24fd2c52e8f31c41e66652d07599ad8818abaad38cda"},
    {file = "multidict-5.1.0-cp39-cp39-win32.whl", hash = "sha256:fc13a9524bc18b6fb6e0dbec3533ba0496bbed167c56d0aabefd965584557d80"},
    {file = "multidict-5.1.0-cp39-cp39-win_amd64.whl", hash = "sha256:7df80d07818b385f3129180369079bd6934cf70469f99daaebfac89dca288359"},
    {file = "multidict-5.1.0.tar.gz", hash = "sha256:25b4e5f22d3a37ddf3effc0710ba692cfc792c2b9edfb9c05aefe823256e84d5"},
]
mypy-extensions = [
    {file = "mypy_extensions-0.4.3-py2.py3-none-any.whl", hash = "sha256:090fedd75945a69ae91ce1303b5824f428daf5a028d2f6ab8a299250a846f15d"},
    {file = "mypy_extensions-0.4.3.tar.gz", hash = "sha256:2d82818f5bb3e369420cb3c4060a7970edba416647068eb4c5343488a6c604a8"},
]
packaging = [
    {file = "packaging-21.0-py3-none-any.whl", hash = "sha256:c86254f9220d55e31cc94d69bade760f0847da8000def4dfe1c6b872fd14ff14"},
    {file = "packaging-21.0.tar.gz", hash = "sha256:7dc96269f53a4ccec5c0670940a4281106dd0bb343f47b7471f779df49c2fbe7"},
]
pathspec = [
    {file = "pathspec-0.9.0-py2.py3-none-any.whl", hash = "sha256:7d15c4ddb0b5c802d161efc417ec1a2558ea2653c2e8ad9c19098201dc1c993a"},
    {file = "pathspec-0.9.0.tar.gz", hash = "sha256:e564499435a2673d586f6b2130bb5b95f04a3ba06f81b8f895b651a3c76aabb1"},
]
pluggy = [
    {file = "pluggy-0.13.1-py2.py3-none-any.whl", hash = "sha256:966c145cd83c96502c3c3868f50408687b38434af77734af1e9ca461a4081d2d"},
    {file = "pluggy-0.13.1.tar.gz", hash = "sha256:15b2acde666561e1298d71b523007ed7364de07029219b604cf808bfa1c765b0"},
]
pretty-errors = [
    {file = "pretty_errors-1.2.23-py3-none-any.whl", hash = "sha256:2c6a228d1c13d6dde56c5af52bc9b63f95561c7123433e4476b3bc5fec8cecd5"},
    {file = "pretty_errors-1.2.23.tar.gz", hash = "sha256:e8a5abbad5cd70302f2f435709d82ce97d1c05b1d4d6c1636e4ff1ffbf517360"},
]
py = [
    {file = "py-1.10.0-py2.py3-none-any.whl", hash = "sha256:3b80836aa6d1feeaa108e046da6423ab8f6ceda6468545ae8d02d9d58d18818a"},
    {file = "py-1.10.0.tar.gz", hash = "sha256:21b81bda15b66ef5e1a777a21c4dcd9c20ad3efd0b3f817e7a809035269e1bd3"},
]
pydantic = [
    {file = "pydantic-1.8.2-cp36-cp36m-macosx_10_9_x86_64.whl", hash = "sha256:05ddfd37c1720c392f4e0d43c484217b7521558302e7069ce8d318438d297739"},
    {file = "pydantic-1.8.2-cp36-cp36m-manylinux1_i686.whl", hash = "sha256:a7c6002203fe2c5a1b5cbb141bb85060cbff88c2d78eccbc72d97eb7022c43e4"},
    {file = "pydantic-1.8.2-cp36-cp36m-manylinux2014_i686.whl", hash = "sha256:589eb6cd6361e8ac341db97602eb7f354551482368a37f4fd086c0733548308e"},
    {file = "pydantic-1.8.2-cp36-cp36m-manylinux2014_x86_64.whl", hash = "sha256:10e5622224245941efc193ad1d159887872776df7a8fd592ed746aa25d071840"},
    {file = "pydantic-1.8.2-cp36-cp36m-win_amd64.whl", hash = "sha256:99a9fc39470010c45c161a1dc584997f1feb13f689ecf645f59bb4ba623e586b"},
    {file = "pydantic-1.8.2-cp37-cp37m-macosx_10_9_x86_64.whl", hash = "sha256:a83db7205f60c6a86f2c44a61791d993dff4b73135df1973ecd9eed5ea0bda20"},
    {file = "pydantic-1.8.2-cp37-cp37m-manylinux1_i686.whl", hash = "sha256:41b542c0b3c42dc17da70554bc6f38cbc30d7066d2c2815a94499b5684582ecb"},
    {file = "pydantic-1.8.2-cp37-cp37m-manylinux2014_i686.whl", hash = "sha256:ea5cb40a3b23b3265f6325727ddfc45141b08ed665458be8c6285e7b85bd73a1"},
    {file = "pydantic-1.8.2-cp37-cp37m-manylinux2014_x86_64.whl", hash = "sha256:18b5ea242dd3e62dbf89b2b0ec9ba6c7b5abaf6af85b95a97b00279f65845a23"},
    {file = "pydantic-1.8.2-cp37-cp37m-win_amd64.whl", hash = "sha256:234a6c19f1c14e25e362cb05c68afb7f183eb931dd3cd4605eafff055ebbf287"},
    {file = "pydantic-1.8.2-cp38-cp38-macosx_10_9_x86_64.whl", hash = "sha256:021ea0e4133e8c824775a0cfe098677acf6fa5a3cbf9206a376eed3fc09302cd"},
    {file = "pydantic-1.8.2-cp38-cp38-manylinux1_i686.whl", hash = "sha256:e710876437bc07bd414ff453ac8ec63d219e7690128d925c6e82889d674bb505"},
    {file = "pydantic-1.8.2-cp38-cp38-manylinux2014_i686.whl", hash = "sha256:ac8eed4ca3bd3aadc58a13c2aa93cd8a884bcf21cb019f8cfecaae3b6ce3746e"},
    {file = "pydantic-1.8.2-cp38-cp38-manylinux2014_x86_64.whl", hash = "sha256:4a03cbbe743e9c7247ceae6f0d8898f7a64bb65800a45cbdc52d65e370570820"},
    {file = "pydantic-1.8.2-cp38-cp38-win_amd64.whl", hash = "sha256:8621559dcf5afacf0069ed194278f35c255dc1a1385c28b32dd6c110fd6531b3"},
    {file = "pydantic-1.8.2-cp39-cp39-macosx_10_9_x86_64.whl", hash = "sha256:8b223557f9510cf0bfd8b01316bf6dd281cf41826607eada99662f5e4963f316"},
    {file = "pydantic-1.8.2-cp39-cp39-manylinux1_i686.whl", hash = "sha256:244ad78eeb388a43b0c927e74d3af78008e944074b7d0f4f696ddd5b2af43c62"},
    {file = "pydantic-1.8.2-cp39-cp39-manylinux2014_i686.whl", hash = "sha256:05ef5246a7ffd2ce12a619cbb29f3307b7c4509307b1b49f456657b43529dc6f"},
    {file = "pydantic-1.8.2-cp39-cp39-manylinux2014_x86_64.whl", hash = "sha256:54cd5121383f4a461ff7644c7ca20c0419d58052db70d8791eacbbe31528916b"},
    {file = "pydantic-1.8.2-cp39-cp39-win_amd64.whl", hash = "sha256:4be75bebf676a5f0f87937c6ddb061fa39cbea067240d98e298508c1bda6f3f3"},
    {file = "pydantic-1.8.2-py3-none-any.whl", hash = "sha256:fec866a0b59f372b7e776f2d7308511784dace622e0992a0b59ea3ccee0ae833"},
    {file = "pydantic-1.8.2.tar.gz", hash = "sha256:26464e57ccaafe72b7ad156fdaa4e9b9ef051f69e175dbbb463283000c05ab7b"},
]
pyparsing = [
    {file = "pyparsing-2.4.7-py2.py3-none-any.whl", hash = "sha256:ef9d7589ef3c200abe66653d3f1ab1033c3c419ae9b9bdb1240a85b024efc88b"},
    {file = "pyparsing-2.4.7.tar.gz", hash = "sha256:c203ec8783bf771a155b207279b9bccb8dea02d8f0c9e5f8ead507bc3246ecc1"},
]
pytest = [
    {file = "pytest-5.4.3-py3-none-any.whl", hash = "sha256:5c0db86b698e8f170ba4582a492248919255fcd4c79b1ee64ace34301fb589a1"},
    {file = "pytest-5.4.3.tar.gz", hash = "sha256:7979331bfcba207414f5e1263b5a0f8f521d0f457318836a7355531ed1a4c7d8"},
]
python-dateutil = [
    {file = "python-dateutil-2.8.2.tar.gz", hash = "sha256:0123cacc1627ae19ddf3c27a5de5bd67ee4586fbdd6440d9748f8abb483d3e86"},
    {file = "python_dateutil-2.8.2-py2.py3-none-any.whl", hash = "sha256:961d03dc3453ebbc59dbdea9e4e11c5651520a876d0f4db161e8674aae935da9"},
]
pytz = [
    {file = "pytz-2021.1-py2.py3-none-any.whl", hash = "sha256:eb10ce3e7736052ed3623d49975ce333bcd712c7bb19a58b9e2089d4057d0798"},
    {file = "pytz-2021.1.tar.gz", hash = "sha256:83a4a90894bf38e243cf052c8b58f381bfe9a7a483f6a9cab140bc7f702ac4da"},
]
regex = [
    {file = "regex-2021.7.6-cp36-cp36m-macosx_10_9_x86_64.whl", hash = "sha256:e6a1e5ca97d411a461041d057348e578dc344ecd2add3555aedba3b408c9f874"},
    {file = "regex-2021.7.6-cp36-cp36m-manylinux1_i686.whl", hash = "sha256:6afe6a627888c9a6cfbb603d1d017ce204cebd589d66e0703309b8048c3b0854"},
    {file = "regex-2021.7.6-cp36-cp36m-manylinux1_x86_64.whl", hash = "sha256:ccb3d2190476d00414aab36cca453e4596e8f70a206e2aa8db3d495a109153d2"},
    {file = "regex-2021.7.6-cp36-cp36m-manylinux2010_i686.whl", hash = "sha256:ed693137a9187052fc46eedfafdcb74e09917166362af4cc4fddc3b31560e93d"},
    {file = "regex-2021.7.6-cp36-cp36m-manylinux2010_x86_64.whl", hash = "sha256:99d8ab206a5270c1002bfcf25c51bf329ca951e5a169f3b43214fdda1f0b5f0d"},
    {file = "regex-2021.7.6-cp36-cp36m-manylinux2014_i686.whl", hash = "sha256:b85ac458354165405c8a84725de7bbd07b00d9f72c31a60ffbf96bb38d3e25fa"},
    {file = "regex-2021.7.6-cp36-cp36m-manylinux2014_x86_64.whl", hash = "sha256:3f5716923d3d0bfb27048242a6e0f14eecdb2e2a7fac47eda1d055288595f222"},
    {file = "regex-2021.7.6-cp36-cp36m-manylinux_2_17_aarch64.manylinux2014_aarch64.whl", hash = "sha256:e5983c19d0beb6af88cb4d47afb92d96751fb3fa1784d8785b1cdf14c6519407"},
    {file = "regex-2021.7.6-cp36-cp36m-win32.whl", hash = "sha256:c92831dac113a6e0ab28bc98f33781383fe294df1a2c3dfd1e850114da35fd5b"},
    {file = "regex-2021.7.6-cp36-cp36m-win_amd64.whl", hash = "sha256:791aa1b300e5b6e5d597c37c346fb4d66422178566bbb426dd87eaae475053fb"},
    {file = "regex-2021.7.6-cp37-cp37m-macosx_10_9_x86_64.whl", hash = "sha256:59506c6e8bd9306cd8a41511e32d16d5d1194110b8cfe5a11d102d8b63cf945d"},
    {file = "regex-2021.7.6-cp37-cp37m-manylinux1_i686.whl", hash = "sha256:564a4c8a29435d1f2256ba247a0315325ea63335508ad8ed938a4f14c4116a5d"},
    {file = "regex-2021.7.6-cp37-cp37m-manylinux1_x86_64.whl", hash = "sha256:59c00bb8dd8775473cbfb967925ad2c3ecc8886b3b2d0c90a8e2707e06c743f0"},
    {file = "regex-2021.7.6-cp37-cp37m-manylinux2010_i686.whl", hash = "sha256:9a854b916806c7e3b40e6616ac9e85d3cdb7649d9e6590653deb5b341a736cec"},
    {file = "regex-2021.7.6-cp37-cp37m-manylinux2010_x86_64.whl", hash = "sha256:db2b7df831c3187a37f3bb80ec095f249fa276dbe09abd3d35297fc250385694"},
    {file = "regex-2021.7.6-cp37-cp37m-manylinux2014_i686.whl", hash = "sha256:173bc44ff95bc1e96398c38f3629d86fa72e539c79900283afa895694229fe6a"},
    {file = "regex-2021.7.6-cp37-cp37m-manylinux2014_x86_64.whl", hash = "sha256:15dddb19823f5147e7517bb12635b3c82e6f2a3a6b696cc3e321522e8b9308ad"},
    {file = "regex-2021.7.6-cp37-cp37m-manylinux_2_17_aarch64.manylinux2014_aarch64.whl", hash = "sha256:2ddeabc7652024803666ea09f32dd1ed40a0579b6fbb2a213eba590683025895"},
    {file = "regex-2021.7.6-cp37-cp37m-win32.whl", hash = "sha256:f080248b3e029d052bf74a897b9d74cfb7643537fbde97fe8225a6467fb559b5"},
    {file = "regex-2021.7.6-cp37-cp37m-win_amd64.whl", hash = "sha256:d8bbce0c96462dbceaa7ac4a7dfbbee92745b801b24bce10a98d2f2b1ea9432f"},
    {file = "regex-2021.7.6-cp38-cp38-macosx_10_9_x86_64.whl", hash = "sha256:edd1a68f79b89b0c57339bce297ad5d5ffcc6ae7e1afdb10f1947706ed066c9c"},
    {file = "regex-2021.7.6-cp38-cp38-manylinux1_i686.whl", hash = "sha256:422dec1e7cbb2efbbe50e3f1de36b82906def93ed48da12d1714cabcd993d7f0"},
    {file = "regex-2021.7.6-cp38-cp38-manylinux1_x86_64.whl", hash = "sha256:cbe23b323988a04c3e5b0c387fe3f8f363bf06c0680daf775875d979e376bd26"},
    {file = "regex-2021.7.6-cp38-cp38-manylinux2010_i686.whl", hash = "sha256:0eb2c6e0fcec5e0f1d3bcc1133556563222a2ffd2211945d7b1480c1b1a42a6f"},
    {file = "regex-2021.7.6-cp38-cp38-manylinux2010_x86_64.whl", hash = "sha256:1c78780bf46d620ff4fff40728f98b8afd8b8e35c3efd638c7df67be2d5cddbf"},
    {file = "regex-2021.7.6-cp38-cp38-manylinux2014_i686.whl", hash = "sha256:bc84fb254a875a9f66616ed4538542fb7965db6356f3df571d783f7c8d256edd"},
    {file = "regex-2021.7.6-cp38-cp38-manylinux2014_x86_64.whl", hash = "sha256:598c0a79b4b851b922f504f9f39a863d83ebdfff787261a5ed061c21e67dd761"},
    {file = "regex-2021.7.6-cp38-cp38-manylinux_2_17_aarch64.manylinux2014_aarch64.whl", hash = "sha256:875c355360d0f8d3d827e462b29ea7682bf52327d500a4f837e934e9e4656068"},
    {file = "regex-2021.7.6-cp38-cp38-win32.whl", hash = "sha256:e586f448df2bbc37dfadccdb7ccd125c62b4348cb90c10840d695592aa1b29e0"},
    {file = "regex-2021.7.6-cp38-cp38-win_amd64.whl", hash = "sha256:2fe5e71e11a54e3355fa272137d521a40aace5d937d08b494bed4529964c19c4"},
    {file = "regex-2021.7.6-cp39-cp39-macosx_10_9_x86_64.whl", hash = "sha256:6110bab7eab6566492618540c70edd4d2a18f40ca1d51d704f1d81c52d245026"},
    {file = "regex-2021.7.6-cp39-cp39-manylinux1_i686.whl", hash = "sha256:4f64fc59fd5b10557f6cd0937e1597af022ad9b27d454e182485f1db3008f417"},
    {file = "regex-2021.7.6-cp39-cp39-manylinux1_x86_64.whl", hash = "sha256:89e5528803566af4df368df2d6f503c84fbfb8249e6631c7b025fe23e6bd0cde"},
    {file = "regex-2021.7.6-cp39-cp39-manylinux2010_i686.whl", hash = "sha256:2366fe0479ca0e9afa534174faa2beae87847d208d457d200183f28c74eaea59"},
    {file = "regex-2021.7.6-cp39-cp39-manylinux2010_x86_64.whl", hash = "sha256:f9392a4555f3e4cb45310a65b403d86b589adc773898c25a39184b1ba4db8985"},
    {file = "regex-2021.7.6-cp39-cp39-manylinux2014_i686.whl", hash = "sha256:2bceeb491b38225b1fee4517107b8491ba54fba77cf22a12e996d96a3c55613d"},
    {file = "regex-2021.7.6-cp39-cp39-manylinux2014_x86_64.whl", hash = "sha256:f98dc35ab9a749276f1a4a38ab3e0e2ba1662ce710f6530f5b0a6656f1c32b58"},
    {file = "regex-2021.7.6-cp39-cp39-manylinux_2_17_aarch64.manylinux2014_aarch64.whl", hash = "sha256:319eb2a8d0888fa6f1d9177705f341bc9455a2c8aca130016e52c7fe8d6c37a3"},
    {file = "regex-2021.7.6-cp39-cp39-win32.whl", hash = "sha256:eaf58b9e30e0e546cdc3ac06cf9165a1ca5b3de8221e9df679416ca667972035"},
    {file = "regex-2021.7.6-cp39-cp39-win_amd64.whl", hash = "sha256:4c9c3155fe74269f61e27617529b7f09552fbb12e44b1189cebbdb24294e6e1c"},
    {file = "regex-2021.7.6.tar.gz", hash = "sha256:8394e266005f2d8c6f0bc6780001f7afa3ef81a7a2111fa35058ded6fce79e4d"},
]
rfc3986 = [
    {file = "rfc3986-1.5.0-py2.py3-none-any.whl", hash = "sha256:a86d6e1f5b1dc238b218b012df0aa79409667bb209e58da56d0b94704e712a97"},
    {file = "rfc3986-1.5.0.tar.gz", hash = "sha256:270aaf10d87d0d4e095063c65bf3ddbc6ee3d0b226328ce21e036f946e421835"},
]
sanic = [
    {file = "sanic-20.12.3-py3-none-any.whl", hash = "sha256:74f4f32efa1e040f02eb42b0db00ca685c34f719f546d315b009ea8a437dd9e0"},
    {file = "sanic-20.12.3.tar.gz", hash = "sha256:3a81202640ad25989ed2bdfb901305da1caa881880684f974324283accc33c8f"},
]
six = [
    {file = "six-1.16.0-py2.py3-none-any.whl", hash = "sha256:8abb2f1d86890a2dfb989f9a77cfcfd3e47c2a354b01111771326f8aa26e0254"},
    {file = "six-1.16.0.tar.gz", hash = "sha256:1e61c37477a1626458e36f7b1d82aa5c9b094fa4802892072e49de9c60c4c926"},
]
sniffio = [
    {file = "sniffio-1.2.0-py3-none-any.whl", hash = "sha256:471b71698eac1c2112a40ce2752bb2f4a4814c22a54a3eed3676bc0f5ca9f663"},
    {file = "sniffio-1.2.0.tar.gz", hash = "sha256:c4666eecec1d3f50960c6bdf61ab7bc350648da6c126e3cf6898d8cd4ddcd3de"},
]
tomli = [
    {file = "tomli-1.2.0-py3-none-any.whl", hash = "sha256:056f0376bf5a6b182c513f9582c1e5b0487265eb6c48842b69aa9ca1cd5f640a"},
    {file = "tomli-1.2.0.tar.gz", hash = "sha256:d60e681734099207a6add7a10326bc2ddd1fdc36c1b0f547d00ef73ac63739c2"},
]
typing-extensions = [
    {file = "typing_extensions-3.10.0.0-py2-none-any.whl", hash = "sha256:0ac0f89795dd19de6b97debb0c6af1c70987fd80a2d62d1958f7e56fcc31b497"},
    {file = "typing_extensions-3.10.0.0-py3-none-any.whl", hash = "sha256:779383f6086d90c99ae41cf0ff39aac8a7937a9283ce0a414e5dd782f4c94a84"},
    {file = "typing_extensions-3.10.0.0.tar.gz", hash = "sha256:50b6f157849174217d0656f99dc82fe932884fb250826c18350e159ec6cdf342"},
]
tzlocal = [
    {file = "tzlocal-2.1-py2.py3-none-any.whl", hash = "sha256:e2cb6c6b5b604af38597403e9852872d7f534962ae2954c7f35efcb1ccacf4a4"},
    {file = "tzlocal-2.1.tar.gz", hash = "sha256:643c97c5294aedc737780a49d9df30889321cbe1204eac2c2ec6134035a92e44"},
]
ujson = [
    {file = "ujson-4.0.2-cp36-cp36m-macosx_10_14_x86_64.whl", hash = "sha256:e390df0dcc7897ffb98e17eae1f4c442c39c91814c298ad84d935a3c5c7a32fa"},
    {file = "ujson-4.0.2-cp36-cp36m-manylinux1_i686.whl", hash = "sha256:84b1dca0d53b0a8d58835f72ea2894e4d6cf7a5dd8f520ab4cbd698c81e49737"},
    {file = "ujson-4.0.2-cp36-cp36m-manylinux1_x86_64.whl", hash = "sha256:91396a585ba51f84dc71c8da60cdc86de6b60ba0272c389b6482020a1fac9394"},
    {file = "ujson-4.0.2-cp36-cp36m-manylinux2014_aarch64.whl", hash = "sha256:eb6b25a7670c7537a5998e695fa62ff13c7f9c33faf82927adf4daa460d5f62e"},
    {file = "ujson-4.0.2-cp36-cp36m-win_amd64.whl", hash = "sha256:f8aded54c2bc554ce20b397f72101737dd61ee7b81c771684a7dd7805e6cca0c"},
    {file = "ujson-4.0.2-cp37-cp37m-macosx_10_14_x86_64.whl", hash = "sha256:30962467c36ff6de6161d784cd2a6aac1097f0128b522d6e9291678e34fb2b47"},
    {file = "ujson-4.0.2-cp37-cp37m-manylinux1_i686.whl", hash = "sha256:fc51e545d65689c398161f07fd405104956ec27f22453de85898fa088b2cd4bb"},
    {file = "ujson-4.0.2-cp37-cp37m-manylinux1_x86_64.whl", hash = "sha256:e6e90330670c78e727d6637bb5a215d3e093d8e3570d439fd4922942f88da361"},
    {file = "ujson-4.0.2-cp37-cp37m-manylinux2014_aarch64.whl", hash = "sha256:5e1636b94c7f1f59a8ead4c8a7bab1b12cc52d4c21ababa295ffec56b445fd2a"},
    {file = "ujson-4.0.2-cp37-cp37m-win_amd64.whl", hash = "sha256:e2cadeb0ddc98e3963bea266cc5b884e5d77d73adf807f0bda9eca64d1c509d5"},
    {file = "ujson-4.0.2-cp38-cp38-macosx_10_14_x86_64.whl", hash = "sha256:a214ba5a21dad71a43c0f5aef917cd56a2d70bc974d845be211c66b6742a471c"},
    {file = "ujson-4.0.2-cp38-cp38-manylinux1_i686.whl", hash = "sha256:0190d26c0e990c17ad072ec8593647218fe1c675d11089cd3d1440175b568967"},
    {file = "ujson-4.0.2-cp38-cp38-manylinux1_x86_64.whl", hash = "sha256:f273a875c0b42c2a019c337631bc1907f6fdfbc84210cc0d1fff0e2019bbfaec"},
    {file = "ujson-4.0.2-cp38-cp38-manylinux2014_aarch64.whl", hash = "sha256:d3a87888c40b5bfcf69b4030427cd666893e826e82cc8608d1ba8b4b5e04ea99"},
    {file = "ujson-4.0.2-cp38-cp38-win_amd64.whl", hash = "sha256:7333e8bc45ea28c74ae26157eacaed5e5629dbada32e0103c23eb368f93af108"},
    {file = "ujson-4.0.2-cp39-cp39-macosx_10_14_x86_64.whl", hash = "sha256:b3a6dcc660220539aa718bcc9dbd6dedf2a01d19c875d1033f028f212e36d6bb"},
    {file = "ujson-4.0.2-cp39-cp39-manylinux1_i686.whl", hash = "sha256:0ea07fe57f9157118ca689e7f6db72759395b99121c0ff038d2e38649c626fb1"},
    {file = "ujson-4.0.2-cp39-cp39-manylinux1_x86_64.whl", hash = "sha256:4d6d061563470cac889c0a9fd367013a5dbd8efc36ad01ab3e67a57e56cad720"},
    {file = "ujson-4.0.2-cp39-cp39-manylinux2014_aarch64.whl", hash = "sha256:b5c70704962cf93ec6ea3271a47d952b75ae1980d6c56b8496cec2a722075939"},
    {file = "ujson-4.0.2-cp39-cp39-win_amd64.whl", hash = "sha256:aad6d92f4d71e37ea70e966500f1951ecd065edca3a70d3861b37b176dd6702c"},
    {file = "ujson-4.0.2.tar.gz", hash = "sha256:c615a9e9e378a7383b756b7e7a73c38b22aeb8967a8bfbffd4741f7ffd043c4d"},
]
uvloop = [
    {file = "uvloop-0.14.0-cp35-cp35m-macosx_10_11_x86_64.whl", hash = "sha256:08b109f0213af392150e2fe6f81d33261bb5ce968a288eb698aad4f46eb711bd"},
    {file = "uvloop-0.14.0-cp35-cp35m-manylinux2010_x86_64.whl", hash = "sha256:4544dcf77d74f3a84f03dd6278174575c44c67d7165d4c42c71db3fdc3860726"},
    {file = "uvloop-0.14.0-cp36-cp36m-macosx_10_11_x86_64.whl", hash = "sha256:b4f591aa4b3fa7f32fb51e2ee9fea1b495eb75b0b3c8d0ca52514ad675ae63f7"},
    {file = "uvloop-0.14.0-cp36-cp36m-manylinux2010_x86_64.whl", hash = "sha256:f07909cd9fc08c52d294b1570bba92186181ca01fe3dc9ffba68955273dd7362"},
    {file = "uvloop-0.14.0-cp37-cp37m-macosx_10_11_x86_64.whl", hash = "sha256:afd5513c0ae414ec71d24f6f123614a80f3d27ca655a4fcf6cabe50994cc1891"},
    {file = "uvloop-0.14.0-cp37-cp37m-manylinux2010_x86_64.whl", hash = "sha256:e7514d7a48c063226b7d06617cbb12a14278d4323a065a8d46a7962686ce2e95"},
    {file = "uvloop-0.14.0-cp38-cp38-macosx_10_11_x86_64.whl", hash = "sha256:bcac356d62edd330080aed082e78d4b580ff260a677508718f88016333e2c9c5"},
    {file = "uvloop-0.14.0-cp38-cp38-manylinux2010_x86_64.whl", hash = "sha256:4315d2ec3ca393dd5bc0b0089d23101276778c304d42faff5dc4579cb6caef09"},
    {file = "uvloop-0.14.0.tar.gz", hash = "sha256:123ac9c0c7dd71464f58f1b4ee0bbd81285d96cdda8bc3519281b8973e3a461e"},
]
wcwidth = [
    {file = "wcwidth-0.2.5-py2.py3-none-any.whl", hash = "sha256:beb4802a9cebb9144e99086eff703a642a13d6a0052920003a230f3294bbe784"},
    {file = "wcwidth-0.2.5.tar.gz", hash = "sha256:c4d647b99872929fdb7bdcaa4fbe7f01413ed3d98077df798530e5b04f116c83"},
]
websockets = [
    {file = "websockets-8.1-cp36-cp36m-macosx_10_6_intel.whl", hash = "sha256:3762791ab8b38948f0c4d281c8b2ddfa99b7e510e46bd8dfa942a5fff621068c"},
    {file = "websockets-8.1-cp36-cp36m-manylinux1_i686.whl", hash = "sha256:3db87421956f1b0779a7564915875ba774295cc86e81bc671631379371af1170"},
    {file = "websockets-8.1-cp36-cp36m-manylinux1_x86_64.whl", hash = "sha256:4f9f7d28ce1d8f1295717c2c25b732c2bc0645db3215cf757551c392177d7cb8"},
    {file = "websockets-8.1-cp36-cp36m-manylinux2010_i686.whl", hash = "sha256:295359a2cc78736737dd88c343cd0747546b2174b5e1adc223824bcaf3e164cb"},
    {file = "websockets-8.1-cp36-cp36m-manylinux2010_x86_64.whl", hash = "sha256:1d3f1bf059d04a4e0eb4985a887d49195e15ebabc42364f4eb564b1d065793f5"},
    {file = "websockets-8.1-cp36-cp36m-win32.whl", hash = "sha256:2db62a9142e88535038a6bcfea70ef9447696ea77891aebb730a333a51ed559a"},
    {file = "websockets-8.1-cp36-cp36m-win_amd64.whl", hash = "sha256:0e4fb4de42701340bd2353bb2eee45314651caa6ccee80dbd5f5d5978888fed5"},
    {file = "websockets-8.1-cp37-cp37m-macosx_10_6_intel.whl", hash = "sha256:9b248ba3dd8a03b1a10b19efe7d4f7fa41d158fdaa95e2cf65af5a7b95a4f989"},
    {file = "websockets-8.1-cp37-cp37m-manylinux1_i686.whl", hash = "sha256:ce85b06a10fc65e6143518b96d3dca27b081a740bae261c2fb20375801a9d56d"},
    {file = "websockets-8.1-cp37-cp37m-manylinux1_x86_64.whl", hash = "sha256:965889d9f0e2a75edd81a07592d0ced54daa5b0785f57dc429c378edbcffe779"},
    {file = "websockets-8.1-cp37-cp37m-manylinux2010_i686.whl", hash = "sha256:751a556205d8245ff94aeef23546a1113b1dd4f6e4d102ded66c39b99c2ce6c8"},
    {file = "websockets-8.1-cp37-cp37m-manylinux2010_x86_64.whl", hash = "sha256:3ef56fcc7b1ff90de46ccd5a687bbd13a3180132268c4254fc0fa44ecf4fc422"},
    {file = "websockets-8.1-cp37-cp37m-win32.whl", hash = "sha256:7ff46d441db78241f4c6c27b3868c9ae71473fe03341340d2dfdbe8d79310acc"},
    {file = "websockets-8.1-cp37-cp37m-win_amd64.whl", hash = "sha256:20891f0dddade307ffddf593c733a3fdb6b83e6f9eef85908113e628fa5a8308"},
    {file = "websockets-8.1-cp38-cp38-macosx_10_9_x86_64.whl", hash = "sha256:c1ec8db4fac31850286b7cd3b9c0e1b944204668b8eb721674916d4e28744092"},
    {file = "websockets-8.1-cp38-cp38-manylinux1_i686.whl", hash = "sha256:5c01fd846263a75bc8a2b9542606927cfad57e7282965d96b93c387622487485"},
    {file = "websockets-8.1-cp38-cp38-manylinux1_x86_64.whl", hash = "sha256:9bef37ee224e104a413f0780e29adb3e514a5b698aabe0d969a6ba426b8435d1"},
    {file = "websockets-8.1-cp38-cp38-manylinux2010_i686.whl", hash = "sha256:d705f8aeecdf3262379644e4b55107a3b55860eb812b673b28d0fbc347a60c55"},
    {file = "websockets-8.1-cp38-cp38-manylinux2010_x86_64.whl", hash = "sha256:c8a116feafdb1f84607cb3b14aa1418424ae71fee131642fc568d21423b51824"},
    {file = "websockets-8.1-cp38-cp38-win32.whl", hash = "sha256:e898a0863421650f0bebac8ba40840fc02258ef4714cb7e1fd76b6a6354bda36"},
    {file = "websockets-8.1-cp38-cp38-win_amd64.whl", hash = "sha256:f8a7bff6e8664afc4e6c28b983845c5bc14965030e3fb98789734d416af77c4b"},
    {file = "websockets-8.1.tar.gz", hash = "sha256:5c65d2da8c6bce0fca2528f69f44b2f977e06954c8512a952222cea50dad430f"},
]
win32-setctime = [
    {file = "win32_setctime-1.0.3-py3-none-any.whl", hash = "sha256:dc925662de0a6eb987f0b01f599c01a8236cb8c62831c22d9cada09ad958243e"},
    {file = "win32_setctime-1.0.3.tar.gz", hash = "sha256:4e88556c32fdf47f64165a2180ba4552f8bb32c1103a2fafd05723a0bd42bd4b"},
]
